{
  "requires": true,
  "lockfileVersion": 1,
  "dependencies": {
    "css-color-names": {
      "version": "1.0.1",
      "resolved": "https://registry.npmjs.org/css-color-names/-/css-color-names-1.0.1.tgz",
      "integrity": "sha512-/loXYOch1qU1biStIFsHH8SxTmOseh1IJqFvy8IujXOm1h+QjUdDhkzOrR5HG8K8mlxREj0yfi8ewCHx0eMxzA=="
    }
  }
}
